
Microsoft Visual Studio Solution File, Format Version 12.00
# Visual Studio 14
VisualStudioVersion = 14.0.25420.1
MinimumVisualStudioVersion = 10.0.40219.1
Project("{FAE04EC0-301F-11D3-BF4B-00C04F79EFBC}") = "InsMesAppServer", "InsMesAppServer\InsMesAppServer.csproj", "{2D7003D1-FA56-4F19-B5B5-B1313692B0CE}"
EndProject
Project("{FAE04EC0-301F-11D3-BF4B-00C04F79EFBC}") = "InsMesAppClient", "InsMesAppClient\InsMesAppClient.csproj", "{4F94D560-72BF-446B-B0F5-979AD20D23B8}"
EndProject
Global
	GlobalSection(SolutionConfigurationPlatforms) = preSolution
		Debug|Any CPU = Debug|Any CPU
		Release|Any CPU = Release|Any CPU
	EndGlobalSection
	GlobalSection(ProjectConfigurationPlatforms) = postSolution
		{2D7003D1-FA56-4F19-B5B5-B1313692B0CE}.Debug|Any CPU.ActiveCfg = Debug|Any CPU
		{2D7003D1-FA56-4F19-B5B5-B1313692B0CE}.Debug|Any CPU.Build.0 = Debug|Any CPU
		{2D7003D1-FA56-4F19-B5B5-B1313692B0CE}.Release|Any CPU.ActiveCfg = Release|Any CPU
		{2D7003D1-FA56-4F19-B5B5-B1313692B0CE}.Release|Any CPU.Build.0 = Release|Any CPU
		{4F94D560-72BF-446B-B0F5-979AD20D23B8}.Debug|Any CPU.ActiveCfg = Debug|Any CPU
		{4F94D560-72BF-446B-B0F5-979AD20D23B8}.Debug|Any CPU.Build.0 = Debug|Any CPU
		{4F94D560-72BF-446B-B0F5-979AD20D23B8}.Release|Any CPU.ActiveCfg = Release|Any CPU
		{4F94D560-72BF-446B-B0F5-979AD20D23B8}.Release|Any CPU.Build.0 = Release|Any CPU
	EndGlobalSection
	GlobalSection(SolutionProperties) = preSolution
		HideSolutionNode = FALSE
	EndGlobalSection
EndGlobal
